
Microsoft Visual Studio Solution File, Format Version 12.00
# Visual Studio Version 16
VisualStudioVersion = 16.0.31624.102
MinimumVisualStudioVersion = 10.0.40219.1
Project("{FAE04EC0-301F-11D3-BF4B-00C04F79EFBC}") = "ToDoListMVC", "ToDoListMVC\ToDoListMVC.csproj", "{B55A5CC8-1C36-43EF-9473-2278D884A5BF}"
EndProject
Global
	GlobalSection(SolutionConfigurationPlatforms) = preSolution
		Debug|Any CPU = Debug|Any CPU
		Release|Any CPU = Release|Any CPU
	EndGlobalSection
	GlobalSection(ProjectConfigurationPlatforms) = postSolution
		{B55A5CC8-1C36-43EF-9473-2278D884A5BF}.Debug|Any CPU.ActiveCfg = Debug|Any CPU
		{B55A5CC8-1C36-43EF-9473-2278D884A5BF}.Debug|Any CPU.Build.0 = Debug|Any CPU
		{B55A5CC8-1C36-43EF-9473-2278D884A5BF}.Release|Any CPU.ActiveCfg = Release|Any CPU
		{B55A5CC8-1C36-43EF-9473-2278D884A5BF}.Release|Any CPU.Build.0 = Release|Any CPU
	EndGlobalSection
	GlobalSection(SolutionProperties) = preSolution
		HideSolutionNode = FALSE
	EndGlobalSection
	GlobalSection(ExtensibilityGlobals) = postSolution
		SolutionGuid = {74668908-F46E-4302-9B5D-F75FD2DC341F}
	EndGlobalSection
EndGlobal
